schema: '2.0'
stages:
  data:
    cmd: make data
    deps:
    - path: src/data/make_dataset.py
      md5: 16a344863da4bc5797f0b9e217cb69ff
      size: 1341
    outs:
    - path: data/raw
      md5: 87bb5025b342dce499fe38b06aba7132.dir
      size: 89823
      nfiles: 2
  prepare:
    cmd: make prepare
    deps:
    - path: data/raw/train.csv
      md5: 61fdd54abdbf6a85b778e937122e1194
      size: 61194
    - path: src/prepare/prepare_data.py
      md5: 08b4a0a8dae55d289b44ac6dff0313e9
      size: 3307
    params:
      params.yaml:
        dataset.target: Survived
        prepare.drop.cols:
        - Name
        - Ticket
        prepare.missing.cat_cols:
        - Cabin
        - Embarked
        prepare.missing.num_cols:
        - Age
        prepare.random_state: 3141592
        prepare.split: 0.2
    outs:
    - path: data/prepared
      md5: 5192d1a6d35e6f5a4fcaf7a7c51fb0d2.dir
      size: 34096
      nfiles: 3
  featurize:
    cmd: make featurize
    deps:
    - path: data/prepared/test.csv
      md5: 8d5866b69f1c8c676780928288f1c63d
      size: 6360
    - path: data/prepared/train.csv
      md5: 9942ccf497e0329aef57f232c82036e2
      size: 25274
    - path: src/features/build_features.py
      md5: 72ae2cfbe444aaa41a67f2e7bcb2e884
      size: 2520
    params:
      params.yaml:
        dataset.target: Survived
        featurize.ohe_cols:
        - Cabin
        - Sex
        - Embarked
    outs:
    - path: data/processed
      md5: fb6ab124da89aa7c0383d9e7996d00f9.dir
      size: 965283
      nfiles: 3
  train:
    cmd: make train
    deps:
    - path: data/processed/test.joblib
      md5: 6115f0ced682284bc8eee056ee34e330
      size: 195101
    - path: data/processed/train.joblib
      md5: 2026a7619d05f54a07816f1af63e5c15
      size: 766480
    - path: src/models/train_model.py
      md5: 0c075a8adff6bae62eb5af2abd64424b
      size: 1481
    params:
      params.yaml:
        train.min_split: 64
        train.n_estimators: 100
        train.seed: 2077
    outs:
    - path: model.joblib
      md5: c413ee2d4f6a127dee1c0116e2fc4fe9
      size: 375694
