schema: '2.0'
stages:
  data:
    cmd: make data
    deps:
    - path: src/data/make_dataset.py
      md5: 16a344863da4bc5797f0b9e217cb69ff
      size: 1341
    outs:
    - path: data/raw
      md5: 87bb5025b342dce499fe38b06aba7132.dir
      size: 89823
      nfiles: 2
  prepare:
    cmd: make prepare
    deps:
    - path: data/raw/train.csv
      md5: 61fdd54abdbf6a85b778e937122e1194
      size: 61194
    - path: src/prepare/prepare_data.py
      md5: 6bdafc67e7e2dec3a6d0536b5fd2555e
      size: 3457
    params:
      params.yaml:
        dataset.target: Survived
        prepare.drop.cols:
        - Name
        - Ticket
        prepare.missing.cat_cols:
        - Cabin
        - Embarked
        prepare.missing.num_cols:
        - Age
        prepare.random_state: 3141592
        prepare.split: 0.2
    outs:
    - path: data/prepared
      md5: 746a8034073b4e5f9851d0f9c8512dc3.dir
      size: 31634
      nfiles: 2
    - path: models/pre_processing.joblib
      md5: c2ddfc2c926d9ff11de03fad06d5e792
      size: 2462
  featurize:
    cmd: make featurize
    deps:
    - path: data/prepared/test.csv
      md5: 8d5866b69f1c8c676780928288f1c63d
      size: 6360
    - path: data/prepared/train.csv
      md5: 9942ccf497e0329aef57f232c82036e2
      size: 25274
    - path: src/features/build_features.py
      md5: a83af04b45f41b90e4d7266a1181fc9c
      size: 2707
    params:
      params.yaml:
        dataset.target: Survived
        featurize.ohe_cols:
        - Cabin
        - Sex
        - Embarked
    outs:
    - path: data/processed
      md5: 412b934e35d1a2074112b486c836d4c2.dir
      size: 961581
      nfiles: 2
    - path: models/featurize.joblib
      md5: d08033e4350514b82fbd8d7b6d0559eb
      size: 3702
  train:
    cmd: make train
    deps:
    - path: data/processed/train.joblib
      md5: 2026a7619d05f54a07816f1af63e5c15
      size: 766480
    - path: src/models/train_model.py
      md5: 853cf5263a27e5f2c707ca410b506c3a
      size: 1509
    params:
      params.yaml:
        train.min_split: 64
        train.n_estimators: 400
        train.seed: 2077
    outs:
    - path: models/model.joblib
      md5: f25f1c0d1a7a5ab080d0897a3f07ac02
      size: 1597814
  evaluate:
    cmd: make evaluation
    deps:
    - path: data/processed/test.joblib
      md5: 6115f0ced682284bc8eee056ee34e330
      size: 195101
    - path: models/model.joblib
      md5: f25f1c0d1a7a5ab080d0897a3f07ac02
      size: 1597814
    - path: src/models/evaluate_model.py
      md5: 739652113ec6f18262e01852f2275f2e
      size: 2940
    outs:
    - path: reports/cfm.json
      md5: 9cee708c70fcd5002a0e5295caf0cfee
      size: 13094
    - path: reports/prc.json
      md5: 3038518d408c00771ffb716989ebd0f0
      size: 3874
    - path: reports/roc.json
      md5: f856968532f3325bef4e09183d2948d8
      size: 2854
    - path: reports/scores.json
      md5: f78b70bb243712fb1bafd0133b30df09
      size: 104
